
Microsoft Visual Studio Solution File, Format Version 10.00
# Visual C++ Express 2008
Project("{8BC9CEB8-8B4A-11D0-8D11-00A0C91BC942}") = "LXiCore", "src\lxicore\liblxicore\LXiCore.vcproj", "{1AAB8BA4-734B-11E0-AB38-FF414B1AA9C5}"
EndProject
Project("{8BC9CEB8-8B4A-11D0-8D11-00A0C91BC942}") = "LXiServer", "src\lxiserver\liblxiserver\LXiServer.vcproj", "{32841A84-734B-11E0-8112-BB07C8C3CAE7}"
	ProjectSection(ProjectDependencies) = postProject
		{1AAB8BA4-734B-11E0-AB38-FF414B1AA9C5} = {1AAB8BA4-734B-11E0-AB38-FF414B1AA9C5}
	EndProjectSection
EndProject
Project("{8BC9CEB8-8B4A-11D0-8D11-00A0C91BC942}") = "LXiStream", "src\lxistream\liblxistream\LXiStream.vcproj", "{3F2E4BD8-734B-11E0-BE72-A39B83ACD183}"
	ProjectSection(ProjectDependencies) = postProject
		{A9C1840A-E75A-11E0-B8C7-EBAAB0E748CB} = {A9C1840A-E75A-11E0-B8C7-EBAAB0E748CB}
		{1AAB8BA4-734B-11E0-AB38-FF414B1AA9C5} = {1AAB8BA4-734B-11E0-AB38-FF414B1AA9C5}
	EndProjectSection
EndProject
Project("{8BC9CEB8-8B4A-11D0-8D11-00A0C91BC942}") = "LXiStreamGui", "src\lxistream\liblxistreamgui\LXiStreamGui.vcproj", "{4D862D4A-734B-11E0-9782-A7EB248805C9}"
	ProjectSection(ProjectDependencies) = postProject
		{1AAB8BA4-734B-11E0-AB38-FF414B1AA9C5} = {1AAB8BA4-734B-11E0-AB38-FF414B1AA9C5}
		{3F2E4BD8-734B-11E0-BE72-A39B83ACD183} = {3F2E4BD8-734B-11E0-BE72-A39B83ACD183}
	EndProjectSection
EndProject
Project("{8BC9CEB8-8B4A-11D0-8D11-00A0C91BC942}") = "lxistream_gui", "src\lxistream\plugins\gui\lxistream_gui.vcproj", "{39D287B8-7359-11E0-BD3D-83FAE582B1FF}"
	ProjectSection(ProjectDependencies) = postProject
		{4D862D4A-734B-11E0-9782-A7EB248805C9} = {4D862D4A-734B-11E0-9782-A7EB248805C9}
		{1AAB8BA4-734B-11E0-AB38-FF414B1AA9C5} = {1AAB8BA4-734B-11E0-AB38-FF414B1AA9C5}
		{3F2E4BD8-734B-11E0-BE72-A39B83ACD183} = {3F2E4BD8-734B-11E0-BE72-A39B83ACD183}
	EndProjectSection
EndProject
Project("{8BC9CEB8-8B4A-11D0-8D11-00A0C91BC942}") = "LXiMediaCenter", "src\lximediacenter\liblximediacenter\LXiMediaCenter.vcproj", "{F4E525EA-7365-11E0-AEF3-CBA632B16F97}"
	ProjectSection(ProjectDependencies) = postProject
		{4D862D4A-734B-11E0-9782-A7EB248805C9} = {4D862D4A-734B-11E0-9782-A7EB248805C9}
		{32841A84-734B-11E0-8112-BB07C8C3CAE7} = {32841A84-734B-11E0-8112-BB07C8C3CAE7}
		{1AAB8BA4-734B-11E0-AB38-FF414B1AA9C5} = {1AAB8BA4-734B-11E0-AB38-FF414B1AA9C5}
		{3F2E4BD8-734B-11E0-BE72-A39B83ACD183} = {3F2E4BD8-734B-11E0-BE72-A39B83ACD183}
	EndProjectSection
EndProject
Project("{8BC9CEB8-8B4A-11D0-8D11-00A0C91BC942}") = "lximcbackend", "src\lximediacenter\backend\lximcbackend.vcproj", "{1D1D07BC-7366-11E0-BB6E-AB91C88ABA17}"
	ProjectSection(ProjectDependencies) = postProject
		{B1D6EB3E-736B-11E0-BCB5-FBF0641DD199} = {B1D6EB3E-736B-11E0-BCB5-FBF0641DD199}
		{4D862D4A-734B-11E0-9782-A7EB248805C9} = {4D862D4A-734B-11E0-9782-A7EB248805C9}
		{32841A84-734B-11E0-8112-BB07C8C3CAE7} = {32841A84-734B-11E0-8112-BB07C8C3CAE7}
		{1CAD8FA2-7359-11E0-9142-974909DEF34C} = {1CAD8FA2-7359-11E0-9142-974909DEF34C}
		{1AAB8BA4-734B-11E0-AB38-FF414B1AA9C5} = {1AAB8BA4-734B-11E0-AB38-FF414B1AA9C5}
		{39D287B8-7359-11E0-BD3D-83FAE582B1FF} = {39D287B8-7359-11E0-BD3D-83FAE582B1FF}
		{F9FFB2BE-7358-11E0-A6BD-FB96216D1D8A} = {F9FFB2BE-7358-11E0-A6BD-FB96216D1D8A}
		{3F2E4BD8-734B-11E0-BE72-A39B83ACD183} = {3F2E4BD8-734B-11E0-BE72-A39B83ACD183}
		{F4E525EA-7365-11E0-AEF3-CBA632B16F97} = {F4E525EA-7365-11E0-AEF3-CBA632B16F97}
	EndProjectSection
EndProject
Project("{8BC9CEB8-8B4A-11D0-8D11-00A0C91BC942}") = "lximediacenter_mediaplayer", "src\lximediacenter\plugins\mediaplayer\lximediacenter_mediaplayer.vcproj", "{B1D6EB3E-736B-11E0-BCB5-FBF0641DD199}"
	ProjectSection(ProjectDependencies) = postProject
		{4D862D4A-734B-11E0-9782-A7EB248805C9} = {4D862D4A-734B-11E0-9782-A7EB248805C9}
		{32841A84-734B-11E0-8112-BB07C8C3CAE7} = {32841A84-734B-11E0-8112-BB07C8C3CAE7}
		{1AAB8BA4-734B-11E0-AB38-FF414B1AA9C5} = {1AAB8BA4-734B-11E0-AB38-FF414B1AA9C5}
		{3F2E4BD8-734B-11E0-BE72-A39B83ACD183} = {3F2E4BD8-734B-11E0-BE72-A39B83ACD183}
		{F4E525EA-7365-11E0-AEF3-CBA632B16F97} = {F4E525EA-7365-11E0-AEF3-CBA632B16F97}
	EndProjectSection
EndProject
Project("{8BC9CEB8-8B4A-11D0-8D11-00A0C91BC942}") = "lxistream_ffmpeg", "src\lxistream\plugins\ffmpeg\lxistream_ffmpeg.vcproj", "{1CAD8FA2-7359-11E0-9142-974909DEF34C}"
	ProjectSection(ProjectDependencies) = postProject
		{1AAB8BA4-734B-11E0-AB38-FF414B1AA9C5} = {1AAB8BA4-734B-11E0-AB38-FF414B1AA9C5}
		{3F2E4BD8-734B-11E0-BE72-A39B83ACD183} = {3F2E4BD8-734B-11E0-BE72-A39B83ACD183}
	EndProjectSection
EndProject
Project("{8BC9CEB8-8B4A-11D0-8D11-00A0C91BC942}") = "lxistream_dvdnav", "src\lxistream\plugins\dvdnav\lxistream_dvdnav.vcproj", "{F9FFB2BE-7358-11E0-A6BD-FB96216D1D8A}"
	ProjectSection(ProjectDependencies) = postProject
		{1AAB8BA4-734B-11E0-AB38-FF414B1AA9C5} = {1AAB8BA4-734B-11E0-AB38-FF414B1AA9C5}
		{3F2E4BD8-734B-11E0-BE72-A39B83ACD183} = {3F2E4BD8-734B-11E0-BE72-A39B83ACD183}
	EndProjectSection
EndProject
Project("{8BC9CEB8-8B4A-11D0-8D11-00A0C91BC942}") = "lximcfrontend", "src\lximediacenter\frontend\lximcfrontend.vcproj", "{3335C322-7366-11E0-ADA8-F32EE8BCCCBA}"
	ProjectSection(ProjectDependencies) = postProject
		{32841A84-734B-11E0-8112-BB07C8C3CAE7} = {32841A84-734B-11E0-8112-BB07C8C3CAE7}
		{1AAB8BA4-734B-11E0-AB38-FF414B1AA9C5} = {1AAB8BA4-734B-11E0-AB38-FF414B1AA9C5}
		{1D1D07BC-7366-11E0-BB6E-AB91C88ABA17} = {1D1D07BC-7366-11E0-BB6E-AB91C88ABA17}
	EndProjectSection
EndProject
Project("{8BC9CEB8-8B4A-11D0-8D11-00A0C91BC942}") = "lxistream_freetype", "src\lxistream\plugins\freetype\lxistream_freetype.vcproj", "{81855346-3A38-11E1-A0EF-773296681D14}"
	ProjectSection(ProjectDependencies) = postProject
		{1AAB8BA4-734B-11E0-AB38-FF414B1AA9C5} = {1AAB8BA4-734B-11E0-AB38-FF414B1AA9C5}
		{3F2E4BD8-734B-11E0-BE72-A39B83ACD183} = {3F2E4BD8-734B-11E0-BE72-A39B83ACD183}
	EndProjectSection
EndProject
Project("{8BC9CEB8-8B4A-11D0-8D11-00A0C91BC942}") = "lxistream_smbclient", "src\lxistream\plugins\smbclient\lxistream_smbclient.vcproj", "{ABD0F006-3A38-11E1-9457-6F298440B8AE}"
	ProjectSection(ProjectDependencies) = postProject
		{1AAB8BA4-734B-11E0-AB38-FF414B1AA9C5} = {1AAB8BA4-734B-11E0-AB38-FF414B1AA9C5}
		{3F2E4BD8-734B-11E0-BE72-A39B83ACD183} = {3F2E4BD8-734B-11E0-BE72-A39B83ACD183}
	EndProjectSection
EndProject
Project("{8BC9CEB8-8B4A-11D0-8D11-00A0C91BC942}") = "algorithms", "src\lxistream\algorithms\algorithms.vcproj", "{A9C1840A-E75A-11E0-B8C7-EBAAB0E748CB}"
EndProject
Project("{8BC9CEB8-8B4A-11D0-8D11-00A0C91BC942}") = "lxicoretest", "test\liblxicoretest\lxicoretest.vcproj", "{56DC9E00-3A3E-11E1-9FA9-2B90DC4A8729}"
	ProjectSection(ProjectDependencies) = postProject
		{1AAB8BA4-734B-11E0-AB38-FF414B1AA9C5} = {1AAB8BA4-734B-11E0-AB38-FF414B1AA9C5}
	EndProjectSection
EndProject
Project("{8BC9CEB8-8B4A-11D0-8D11-00A0C91BC942}") = "lxiservertest", "test\liblxiservertest\lxiservertest.vcproj", "{CBBC176E-3A3E-11E1-9F6E-332020B652D8}"
	ProjectSection(ProjectDependencies) = postProject
		{32841A84-734B-11E0-8112-BB07C8C3CAE7} = {32841A84-734B-11E0-8112-BB07C8C3CAE7}
		{1AAB8BA4-734B-11E0-AB38-FF414B1AA9C5} = {1AAB8BA4-734B-11E0-AB38-FF414B1AA9C5}
	EndProjectSection
EndProject
Project("{8BC9CEB8-8B4A-11D0-8D11-00A0C91BC942}") = "lxistreamtest", "test\liblxistreamtest\lxistreamtest.vcproj", "{DFCF438E-3A3E-11E1-BB9F-67CA06B08532}"
	ProjectSection(ProjectDependencies) = postProject
		{ABD0F006-3A38-11E1-9457-6F298440B8AE} = {ABD0F006-3A38-11E1-9457-6F298440B8AE}
		{81855346-3A38-11E1-A0EF-773296681D14} = {81855346-3A38-11E1-A0EF-773296681D14}
		{4D862D4A-734B-11E0-9782-A7EB248805C9} = {4D862D4A-734B-11E0-9782-A7EB248805C9}
		{32841A84-734B-11E0-8112-BB07C8C3CAE7} = {32841A84-734B-11E0-8112-BB07C8C3CAE7}
		{1CAD8FA2-7359-11E0-9142-974909DEF34C} = {1CAD8FA2-7359-11E0-9142-974909DEF34C}
		{1AAB8BA4-734B-11E0-AB38-FF414B1AA9C5} = {1AAB8BA4-734B-11E0-AB38-FF414B1AA9C5}
		{39D287B8-7359-11E0-BD3D-83FAE582B1FF} = {39D287B8-7359-11E0-BD3D-83FAE582B1FF}
		{F9FFB2BE-7358-11E0-A6BD-FB96216D1D8A} = {F9FFB2BE-7358-11E0-A6BD-FB96216D1D8A}
		{3F2E4BD8-734B-11E0-BE72-A39B83ACD183} = {3F2E4BD8-734B-11E0-BE72-A39B83ACD183}
	EndProjectSection
EndProject
Project("{8BC9CEB8-8B4A-11D0-8D11-00A0C91BC942}") = "lximediacentertest", "test\liblximediacentertest\lximediacentertest.vcproj", "{0154C9CA-3A3F-11E1-AB5D-278EF98BD25C}"
	ProjectSection(ProjectDependencies) = postProject
		{ABD0F006-3A38-11E1-9457-6F298440B8AE} = {ABD0F006-3A38-11E1-9457-6F298440B8AE}
		{A9C1840A-E75A-11E0-B8C7-EBAAB0E748CB} = {A9C1840A-E75A-11E0-B8C7-EBAAB0E748CB}
		{B1D6EB3E-736B-11E0-BCB5-FBF0641DD199} = {B1D6EB3E-736B-11E0-BCB5-FBF0641DD199}
		{81855346-3A38-11E1-A0EF-773296681D14} = {81855346-3A38-11E1-A0EF-773296681D14}
		{4D862D4A-734B-11E0-9782-A7EB248805C9} = {4D862D4A-734B-11E0-9782-A7EB248805C9}
		{32841A84-734B-11E0-8112-BB07C8C3CAE7} = {32841A84-734B-11E0-8112-BB07C8C3CAE7}
		{1CAD8FA2-7359-11E0-9142-974909DEF34C} = {1CAD8FA2-7359-11E0-9142-974909DEF34C}
		{1AAB8BA4-734B-11E0-AB38-FF414B1AA9C5} = {1AAB8BA4-734B-11E0-AB38-FF414B1AA9C5}
		{39D287B8-7359-11E0-BD3D-83FAE582B1FF} = {39D287B8-7359-11E0-BD3D-83FAE582B1FF}
		{F9FFB2BE-7358-11E0-A6BD-FB96216D1D8A} = {F9FFB2BE-7358-11E0-A6BD-FB96216D1D8A}
		{3F2E4BD8-734B-11E0-BE72-A39B83ACD183} = {3F2E4BD8-734B-11E0-BE72-A39B83ACD183}
		{F4E525EA-7365-11E0-AEF3-CBA632B16F97} = {F4E525EA-7365-11E0-AEF3-CBA632B16F97}
	EndProjectSection
EndProject
Global
	GlobalSection(SolutionConfigurationPlatforms) = preSolution
		Debug|Win32 = Debug|Win32
		Release|Win32 = Release|Win32
	EndGlobalSection
	GlobalSection(ProjectConfigurationPlatforms) = postSolution
		{1AAB8BA4-734B-11E0-AB38-FF414B1AA9C5}.Debug|Win32.ActiveCfg = Debug|Win32
		{1AAB8BA4-734B-11E0-AB38-FF414B1AA9C5}.Debug|Win32.Build.0 = Debug|Win32
		{1AAB8BA4-734B-11E0-AB38-FF414B1AA9C5}.Release|Win32.ActiveCfg = Release|Win32
		{1AAB8BA4-734B-11E0-AB38-FF414B1AA9C5}.Release|Win32.Build.0 = Release|Win32
		{32841A84-734B-11E0-8112-BB07C8C3CAE7}.Debug|Win32.ActiveCfg = Debug|Win32
		{32841A84-734B-11E0-8112-BB07C8C3CAE7}.Debug|Win32.Build.0 = Debug|Win32
		{32841A84-734B-11E0-8112-BB07C8C3CAE7}.Release|Win32.ActiveCfg = Release|Win32
		{32841A84-734B-11E0-8112-BB07C8C3CAE7}.Release|Win32.Build.0 = Release|Win32
		{3F2E4BD8-734B-11E0-BE72-A39B83ACD183}.Debug|Win32.ActiveCfg = Debug|Win32
		{3F2E4BD8-734B-11E0-BE72-A39B83ACD183}.Debug|Win32.Build.0 = Debug|Win32
		{3F2E4BD8-734B-11E0-BE72-A39B83ACD183}.Release|Win32.ActiveCfg = Release|Win32
		{3F2E4BD8-734B-11E0-BE72-A39B83ACD183}.Release|Win32.Build.0 = Release|Win32
		{4D862D4A-734B-11E0-9782-A7EB248805C9}.Debug|Win32.ActiveCfg = Debug|Win32
		{4D862D4A-734B-11E0-9782-A7EB248805C9}.Debug|Win32.Build.0 = Debug|Win32
		{4D862D4A-734B-11E0-9782-A7EB248805C9}.Release|Win32.ActiveCfg = Release|Win32
		{4D862D4A-734B-11E0-9782-A7EB248805C9}.Release|Win32.Build.0 = Release|Win32
		{39D287B8-7359-11E0-BD3D-83FAE582B1FF}.Debug|Win32.ActiveCfg = Debug|Win32
		{39D287B8-7359-11E0-BD3D-83FAE582B1FF}.Debug|Win32.Build.0 = Debug|Win32
		{39D287B8-7359-11E0-BD3D-83FAE582B1FF}.Release|Win32.ActiveCfg = Release|Win32
		{39D287B8-7359-11E0-BD3D-83FAE582B1FF}.Release|Win32.Build.0 = Release|Win32
		{F4E525EA-7365-11E0-AEF3-CBA632B16F97}.Debug|Win32.ActiveCfg = Debug|Win32
		{F4E525EA-7365-11E0-AEF3-CBA632B16F97}.Debug|Win32.Build.0 = Debug|Win32
		{F4E525EA-7365-11E0-AEF3-CBA632B16F97}.Release|Win32.ActiveCfg = Release|Win32
		{F4E525EA-7365-11E0-AEF3-CBA632B16F97}.Release|Win32.Build.0 = Release|Win32
		{1D1D07BC-7366-11E0-BB6E-AB91C88ABA17}.Debug|Win32.ActiveCfg = Debug|Win32
		{1D1D07BC-7366-11E0-BB6E-AB91C88ABA17}.Debug|Win32.Build.0 = Debug|Win32
		{1D1D07BC-7366-11E0-BB6E-AB91C88ABA17}.Release|Win32.ActiveCfg = Release|Win32
		{1D1D07BC-7366-11E0-BB6E-AB91C88ABA17}.Release|Win32.Build.0 = Release|Win32
		{B1D6EB3E-736B-11E0-BCB5-FBF0641DD199}.Debug|Win32.ActiveCfg = Debug|Win32
		{B1D6EB3E-736B-11E0-BCB5-FBF0641DD199}.Debug|Win32.Build.0 = Debug|Win32
		{B1D6EB3E-736B-11E0-BCB5-FBF0641DD199}.Release|Win32.ActiveCfg = Release|Win32
		{B1D6EB3E-736B-11E0-BCB5-FBF0641DD199}.Release|Win32.Build.0 = Release|Win32
		{1CAD8FA2-7359-11E0-9142-974909DEF34C}.Debug|Win32.ActiveCfg = Debug|Win32
		{1CAD8FA2-7359-11E0-9142-974909DEF34C}.Debug|Win32.Build.0 = Debug|Win32
		{1CAD8FA2-7359-11E0-9142-974909DEF34C}.Release|Win32.ActiveCfg = Release|Win32
		{1CAD8FA2-7359-11E0-9142-974909DEF34C}.Release|Win32.Build.0 = Release|Win32
		{F9FFB2BE-7358-11E0-A6BD-FB96216D1D8A}.Debug|Win32.ActiveCfg = Debug|Win32
		{F9FFB2BE-7358-11E0-A6BD-FB96216D1D8A}.Debug|Win32.Build.0 = Debug|Win32
		{F9FFB2BE-7358-11E0-A6BD-FB96216D1D8A}.Release|Win32.ActiveCfg = Release|Win32
		{F9FFB2BE-7358-11E0-A6BD-FB96216D1D8A}.Release|Win32.Build.0 = Release|Win32
		{3335C322-7366-11E0-ADA8-F32EE8BCCCBA}.Debug|Win32.ActiveCfg = Debug|Win32
		{3335C322-7366-11E0-ADA8-F32EE8BCCCBA}.Debug|Win32.Build.0 = Debug|Win32
		{3335C322-7366-11E0-ADA8-F32EE8BCCCBA}.Release|Win32.ActiveCfg = Release|Win32
		{3335C322-7366-11E0-ADA8-F32EE8BCCCBA}.Release|Win32.Build.0 = Release|Win32
		{81855346-3A38-11E1-A0EF-773296681D14}.Debug|Win32.ActiveCfg = Debug|Win32
		{81855346-3A38-11E1-A0EF-773296681D14}.Debug|Win32.Build.0 = Debug|Win32
		{81855346-3A38-11E1-A0EF-773296681D14}.Release|Win32.ActiveCfg = Release|Win32
		{81855346-3A38-11E1-A0EF-773296681D14}.Release|Win32.Build.0 = Release|Win32
		{ABD0F006-3A38-11E1-9457-6F298440B8AE}.Debug|Win32.ActiveCfg = Debug|Win32
		{ABD0F006-3A38-11E1-9457-6F298440B8AE}.Debug|Win32.Build.0 = Debug|Win32
		{ABD0F006-3A38-11E1-9457-6F298440B8AE}.Release|Win32.ActiveCfg = Release|Win32
		{ABD0F006-3A38-11E1-9457-6F298440B8AE}.Release|Win32.Build.0 = Release|Win32
		{A9C1840A-E75A-11E0-B8C7-EBAAB0E748CB}.Debug|Win32.ActiveCfg = Debug|Win32
		{A9C1840A-E75A-11E0-B8C7-EBAAB0E748CB}.Debug|Win32.Build.0 = Debug|Win32
		{A9C1840A-E75A-11E0-B8C7-EBAAB0E748CB}.Release|Win32.ActiveCfg = Release|Win32
		{A9C1840A-E75A-11E0-B8C7-EBAAB0E748CB}.Release|Win32.Build.0 = Release|Win32
		{56DC9E00-3A3E-11E1-9FA9-2B90DC4A8729}.Debug|Win32.ActiveCfg = Debug|Win32
		{56DC9E00-3A3E-11E1-9FA9-2B90DC4A8729}.Debug|Win32.Build.0 = Debug|Win32
		{56DC9E00-3A3E-11E1-9FA9-2B90DC4A8729}.Release|Win32.ActiveCfg = Release|Win32
		{56DC9E00-3A3E-11E1-9FA9-2B90DC4A8729}.Release|Win32.Build.0 = Release|Win32
		{CBBC176E-3A3E-11E1-9F6E-332020B652D8}.Debug|Win32.ActiveCfg = Debug|Win32
		{CBBC176E-3A3E-11E1-9F6E-332020B652D8}.Debug|Win32.Build.0 = Debug|Win32
		{CBBC176E-3A3E-11E1-9F6E-332020B652D8}.Release|Win32.ActiveCfg = Release|Win32
		{CBBC176E-3A3E-11E1-9F6E-332020B652D8}.Release|Win32.Build.0 = Release|Win32
		{DFCF438E-3A3E-11E1-BB9F-67CA06B08532}.Debug|Win32.ActiveCfg = Debug|Win32
		{DFCF438E-3A3E-11E1-BB9F-67CA06B08532}.Debug|Win32.Build.0 = Debug|Win32
		{DFCF438E-3A3E-11E1-BB9F-67CA06B08532}.Release|Win32.ActiveCfg = Release|Win32
		{DFCF438E-3A3E-11E1-BB9F-67CA06B08532}.Release|Win32.Build.0 = Release|Win32
		{0154C9CA-3A3F-11E1-AB5D-278EF98BD25C}.Debug|Win32.ActiveCfg = Debug|Win32
		{0154C9CA-3A3F-11E1-AB5D-278EF98BD25C}.Debug|Win32.Build.0 = Debug|Win32
		{0154C9CA-3A3F-11E1-AB5D-278EF98BD25C}.Release|Win32.ActiveCfg = Release|Win32
		{0154C9CA-3A3F-11E1-AB5D-278EF98BD25C}.Release|Win32.Build.0 = Release|Win32
	EndGlobalSection
	GlobalSection(SolutionProperties) = preSolution
		HideSolutionNode = FALSE
	EndGlobalSection
EndGlobal
