
Microsoft Visual Studio Solution File, Format Version 10.00
# Visual C++ Express 2008
Project("{8BC9CEB8-8B4A-11D0-8D11-00A0C91BC942}") = "LXiCore", "src\lxicore\liblxicore\LXiCore.vcproj", "{1AAB8BA4-734B-11E0-AB38-FF414B1AA9C5}"
EndProject
Project("{8BC9CEB8-8B4A-11D0-8D11-00A0C91BC942}") = "LXiServer", "src\lxiserver\liblxiserver\LXiServer.vcproj", "{32841A84-734B-11E0-8112-BB07C8C3CAE7}"
	ProjectSection(ProjectDependencies) = postProject
		{1AAB8BA4-734B-11E0-AB38-FF414B1AA9C5} = {1AAB8BA4-734B-11E0-AB38-FF414B1AA9C5}
	EndProjectSection
EndProject
Project("{8BC9CEB8-8B4A-11D0-8D11-00A0C91BC942}") = "LXiStream", "src\lxistream\liblxistream\LXiStream.vcproj", "{3F2E4BD8-734B-11E0-BE72-A39B83ACD183}"
	ProjectSection(ProjectDependencies) = postProject
		{1AAB8BA4-734B-11E0-AB38-FF414B1AA9C5} = {1AAB8BA4-734B-11E0-AB38-FF414B1AA9C5}
	EndProjectSection
EndProject
Project("{8BC9CEB8-8B4A-11D0-8D11-00A0C91BC942}") = "LXiStreamGui", "src\lxistream\liblxistreamgui\LXiStreamGui.vcproj", "{4D862D4A-734B-11E0-9782-A7EB248805C9}"
	ProjectSection(ProjectDependencies) = postProject
		{1AAB8BA4-734B-11E0-AB38-FF414B1AA9C5} = {1AAB8BA4-734B-11E0-AB38-FF414B1AA9C5}
		{3F2E4BD8-734B-11E0-BE72-A39B83ACD183} = {3F2E4BD8-734B-11E0-BE72-A39B83ACD183}
	EndProjectSection
EndProject
Project("{8BC9CEB8-8B4A-11D0-8D11-00A0C91BC942}") = "subfontbuilder", "src\lxistream\subfontbuilder\subfontbuilder.vcproj", "{25FB8D8C-734C-11E0-80ED-037669F892F1}"
EndProject
Project("{8BC9CEB8-8B4A-11D0-8D11-00A0C91BC942}") = "lxistream_fftw", "src\lxistream\plugins\fftw\lxistream_fftw.vcproj", "{2A5CFCB4-7359-11E0-BDEF-B7A999F73B97}"
	ProjectSection(ProjectDependencies) = postProject
		{1AAB8BA4-734B-11E0-AB38-FF414B1AA9C5} = {1AAB8BA4-734B-11E0-AB38-FF414B1AA9C5}
		{3F2E4BD8-734B-11E0-BE72-A39B83ACD183} = {3F2E4BD8-734B-11E0-BE72-A39B83ACD183}
	EndProjectSection
EndProject
Project("{8BC9CEB8-8B4A-11D0-8D11-00A0C91BC942}") = "lxistream_gui", "src\lxistream\plugins\gui\lxistreamgui_gui.vcproj", "{39D287B8-7359-11E0-BD3D-83FAE582B1FF}"
	ProjectSection(ProjectDependencies) = postProject
		{4D862D4A-734B-11E0-9782-A7EB248805C9} = {4D862D4A-734B-11E0-9782-A7EB248805C9}
		{1AAB8BA4-734B-11E0-AB38-FF414B1AA9C5} = {1AAB8BA4-734B-11E0-AB38-FF414B1AA9C5}
		{3F2E4BD8-734B-11E0-BE72-A39B83ACD183} = {3F2E4BD8-734B-11E0-BE72-A39B83ACD183}
	EndProjectSection
EndProject
Project("{8BC9CEB8-8B4A-11D0-8D11-00A0C91BC942}") = "LXiMediaCenter", "src\lximediacenter\liblximediacenter\LXiMediaCenter.vcproj", "{F4E525EA-7365-11E0-AEF3-CBA632B16F97}"
	ProjectSection(ProjectDependencies) = postProject
		{4D862D4A-734B-11E0-9782-A7EB248805C9} = {4D862D4A-734B-11E0-9782-A7EB248805C9}
		{32841A84-734B-11E0-8112-BB07C8C3CAE7} = {32841A84-734B-11E0-8112-BB07C8C3CAE7}
		{1AAB8BA4-734B-11E0-AB38-FF414B1AA9C5} = {1AAB8BA4-734B-11E0-AB38-FF414B1AA9C5}
		{3F2E4BD8-734B-11E0-BE72-A39B83ACD183} = {3F2E4BD8-734B-11E0-BE72-A39B83ACD183}
	EndProjectSection
EndProject
Project("{8BC9CEB8-8B4A-11D0-8D11-00A0C91BC942}") = "lximcbackend", "src\lximediacenter\backend\lximcbackend.vcproj", "{1D1D07BC-7366-11E0-BB6E-AB91C88ABA17}"
	ProjectSection(ProjectDependencies) = postProject
		{B1D6EB3E-736B-11E0-BCB5-FBF0641DD199} = {B1D6EB3E-736B-11E0-BCB5-FBF0641DD199}
		{4D862D4A-734B-11E0-9782-A7EB248805C9} = {4D862D4A-734B-11E0-9782-A7EB248805C9}
		{32841A84-734B-11E0-8112-BB07C8C3CAE7} = {32841A84-734B-11E0-8112-BB07C8C3CAE7}
		{1CAD8FA2-7359-11E0-9142-974909DEF34C} = {1CAD8FA2-7359-11E0-9142-974909DEF34C}
		{1AAB8BA4-734B-11E0-AB38-FF414B1AA9C5} = {1AAB8BA4-734B-11E0-AB38-FF414B1AA9C5}
		{2A5CFCB4-7359-11E0-BDEF-B7A999F73B97} = {2A5CFCB4-7359-11E0-BDEF-B7A999F73B97}
		{39D287B8-7359-11E0-BD3D-83FAE582B1FF} = {39D287B8-7359-11E0-BD3D-83FAE582B1FF}
		{F9FFB2BE-7358-11E0-A6BD-FB96216D1D8A} = {F9FFB2BE-7358-11E0-A6BD-FB96216D1D8A}
		{3F2E4BD8-734B-11E0-BE72-A39B83ACD183} = {3F2E4BD8-734B-11E0-BE72-A39B83ACD183}
		{F4E525EA-7365-11E0-AEF3-CBA632B16F97} = {F4E525EA-7365-11E0-AEF3-CBA632B16F97}
	EndProjectSection
EndProject
Project("{8BC9CEB8-8B4A-11D0-8D11-00A0C91BC942}") = "lximctrayicon", "src\lximediacenter\trayicon\lximctrayicon.vcproj", "{3335C322-7366-11E0-ADA8-F32EE8BCCCBA}"
	ProjectSection(ProjectDependencies) = postProject
		{32841A84-734B-11E0-8112-BB07C8C3CAE7} = {32841A84-734B-11E0-8112-BB07C8C3CAE7}
		{1AAB8BA4-734B-11E0-AB38-FF414B1AA9C5} = {1AAB8BA4-734B-11E0-AB38-FF414B1AA9C5}
		{3F2E4BD8-734B-11E0-BE72-A39B83ACD183} = {3F2E4BD8-734B-11E0-BE72-A39B83ACD183}
	EndProjectSection
EndProject
Project("{8BC9CEB8-8B4A-11D0-8D11-00A0C91BC942}") = "lximediacenter_mediaplayer", "src\lximediacenter\plugins\mediaplayer\lximediacenter_mediaplayer.vcproj", "{B1D6EB3E-736B-11E0-BCB5-FBF0641DD199}"
	ProjectSection(ProjectDependencies) = postProject
		{4D862D4A-734B-11E0-9782-A7EB248805C9} = {4D862D4A-734B-11E0-9782-A7EB248805C9}
		{32841A84-734B-11E0-8112-BB07C8C3CAE7} = {32841A84-734B-11E0-8112-BB07C8C3CAE7}
		{1AAB8BA4-734B-11E0-AB38-FF414B1AA9C5} = {1AAB8BA4-734B-11E0-AB38-FF414B1AA9C5}
		{3F2E4BD8-734B-11E0-BE72-A39B83ACD183} = {3F2E4BD8-734B-11E0-BE72-A39B83ACD183}
		{F4E525EA-7365-11E0-AEF3-CBA632B16F97} = {F4E525EA-7365-11E0-AEF3-CBA632B16F97}
	EndProjectSection
EndProject
Project("{8BC9CEB8-8B4A-11D0-8D11-00A0C91BC942}") = "lximediaplayer", "src\lximediaplayer\lximediaplayer.vcproj", "{D9D4DF56-736B-11E0-B8A6-4B90E26B66E7}"
	ProjectSection(ProjectDependencies) = postProject
		{4D862D4A-734B-11E0-9782-A7EB248805C9} = {4D862D4A-734B-11E0-9782-A7EB248805C9}
		{1AAB8BA4-734B-11E0-AB38-FF414B1AA9C5} = {1AAB8BA4-734B-11E0-AB38-FF414B1AA9C5}
		{3F2E4BD8-734B-11E0-BE72-A39B83ACD183} = {3F2E4BD8-734B-11E0-BE72-A39B83ACD183}
	EndProjectSection
EndProject
Project("{8BC9CEB8-8B4A-11D0-8D11-00A0C91BC942}") = "lxistream_ffmpeg", "src\lxistream\plugins\ffmpeg\lxistream_ffmpeg.vcproj", "{1CAD8FA2-7359-11E0-9142-974909DEF34C}"
	ProjectSection(ProjectDependencies) = postProject
		{1AAB8BA4-734B-11E0-AB38-FF414B1AA9C5} = {1AAB8BA4-734B-11E0-AB38-FF414B1AA9C5}
		{3F2E4BD8-734B-11E0-BE72-A39B83ACD183} = {3F2E4BD8-734B-11E0-BE72-A39B83ACD183}
	EndProjectSection
EndProject
Project("{8BC9CEB8-8B4A-11D0-8D11-00A0C91BC942}") = "lxistream_dvdnav", "src\lxistream\plugins\dvdnav\lxistream_dvdnav.vcproj", "{F9FFB2BE-7358-11E0-A6BD-FB96216D1D8A}"
	ProjectSection(ProjectDependencies) = postProject
		{1AAB8BA4-734B-11E0-AB38-FF414B1AA9C5} = {1AAB8BA4-734B-11E0-AB38-FF414B1AA9C5}
		{3F2E4BD8-734B-11E0-BE72-A39B83ACD183} = {3F2E4BD8-734B-11E0-BE72-A39B83ACD183}
	EndProjectSection
EndProject
Global
	GlobalSection(SolutionConfigurationPlatforms) = preSolution
		Debug|Win32 = Debug|Win32
		Release|Win32 = Release|Win32
	EndGlobalSection
	GlobalSection(ProjectConfigurationPlatforms) = postSolution
		{1AAB8BA4-734B-11E0-AB38-FF414B1AA9C5}.Debug|Win32.ActiveCfg = Debug|Win32
		{1AAB8BA4-734B-11E0-AB38-FF414B1AA9C5}.Debug|Win32.Build.0 = Debug|Win32
		{1AAB8BA4-734B-11E0-AB38-FF414B1AA9C5}.Release|Win32.ActiveCfg = Release|Win32
		{1AAB8BA4-734B-11E0-AB38-FF414B1AA9C5}.Release|Win32.Build.0 = Release|Win32
		{32841A84-734B-11E0-8112-BB07C8C3CAE7}.Debug|Win32.ActiveCfg = Debug|Win32
		{32841A84-734B-11E0-8112-BB07C8C3CAE7}.Debug|Win32.Build.0 = Debug|Win32
		{32841A84-734B-11E0-8112-BB07C8C3CAE7}.Release|Win32.ActiveCfg = Release|Win32
		{32841A84-734B-11E0-8112-BB07C8C3CAE7}.Release|Win32.Build.0 = Release|Win32
		{3F2E4BD8-734B-11E0-BE72-A39B83ACD183}.Debug|Win32.ActiveCfg = Debug|Win32
		{3F2E4BD8-734B-11E0-BE72-A39B83ACD183}.Debug|Win32.Build.0 = Debug|Win32
		{3F2E4BD8-734B-11E0-BE72-A39B83ACD183}.Release|Win32.ActiveCfg = Release|Win32
		{3F2E4BD8-734B-11E0-BE72-A39B83ACD183}.Release|Win32.Build.0 = Release|Win32
		{4D862D4A-734B-11E0-9782-A7EB248805C9}.Debug|Win32.ActiveCfg = Debug|Win32
		{4D862D4A-734B-11E0-9782-A7EB248805C9}.Debug|Win32.Build.0 = Debug|Win32
		{4D862D4A-734B-11E0-9782-A7EB248805C9}.Release|Win32.ActiveCfg = Release|Win32
		{4D862D4A-734B-11E0-9782-A7EB248805C9}.Release|Win32.Build.0 = Release|Win32
		{25FB8D8C-734C-11E0-80ED-037669F892F1}.Debug|Win32.ActiveCfg = Debug|Win32
		{25FB8D8C-734C-11E0-80ED-037669F892F1}.Debug|Win32.Build.0 = Debug|Win32
		{25FB8D8C-734C-11E0-80ED-037669F892F1}.Release|Win32.ActiveCfg = Release|Win32
		{25FB8D8C-734C-11E0-80ED-037669F892F1}.Release|Win32.Build.0 = Release|Win32
		{2A5CFCB4-7359-11E0-BDEF-B7A999F73B97}.Debug|Win32.ActiveCfg = Debug|Win32
		{2A5CFCB4-7359-11E0-BDEF-B7A999F73B97}.Debug|Win32.Build.0 = Debug|Win32
		{2A5CFCB4-7359-11E0-BDEF-B7A999F73B97}.Release|Win32.ActiveCfg = Release|Win32
		{2A5CFCB4-7359-11E0-BDEF-B7A999F73B97}.Release|Win32.Build.0 = Release|Win32
		{39D287B8-7359-11E0-BD3D-83FAE582B1FF}.Debug|Win32.ActiveCfg = Debug|Win32
		{39D287B8-7359-11E0-BD3D-83FAE582B1FF}.Debug|Win32.Build.0 = Debug|Win32
		{39D287B8-7359-11E0-BD3D-83FAE582B1FF}.Release|Win32.ActiveCfg = Release|Win32
		{39D287B8-7359-11E0-BD3D-83FAE582B1FF}.Release|Win32.Build.0 = Release|Win32
		{F4E525EA-7365-11E0-AEF3-CBA632B16F97}.Debug|Win32.ActiveCfg = Debug|Win32
		{F4E525EA-7365-11E0-AEF3-CBA632B16F97}.Debug|Win32.Build.0 = Debug|Win32
		{F4E525EA-7365-11E0-AEF3-CBA632B16F97}.Release|Win32.ActiveCfg = Release|Win32
		{F4E525EA-7365-11E0-AEF3-CBA632B16F97}.Release|Win32.Build.0 = Release|Win32
		{1D1D07BC-7366-11E0-BB6E-AB91C88ABA17}.Debug|Win32.ActiveCfg = Debug|Win32
		{1D1D07BC-7366-11E0-BB6E-AB91C88ABA17}.Debug|Win32.Build.0 = Debug|Win32
		{1D1D07BC-7366-11E0-BB6E-AB91C88ABA17}.Release|Win32.ActiveCfg = Release|Win32
		{1D1D07BC-7366-11E0-BB6E-AB91C88ABA17}.Release|Win32.Build.0 = Release|Win32
		{3335C322-7366-11E0-ADA8-F32EE8BCCCBA}.Debug|Win32.ActiveCfg = Debug|Win32
		{3335C322-7366-11E0-ADA8-F32EE8BCCCBA}.Debug|Win32.Build.0 = Debug|Win32
		{3335C322-7366-11E0-ADA8-F32EE8BCCCBA}.Release|Win32.ActiveCfg = Release|Win32
		{3335C322-7366-11E0-ADA8-F32EE8BCCCBA}.Release|Win32.Build.0 = Release|Win32
		{B1D6EB3E-736B-11E0-BCB5-FBF0641DD199}.Debug|Win32.ActiveCfg = Debug|Win32
		{B1D6EB3E-736B-11E0-BCB5-FBF0641DD199}.Debug|Win32.Build.0 = Debug|Win32
		{B1D6EB3E-736B-11E0-BCB5-FBF0641DD199}.Release|Win32.ActiveCfg = Release|Win32
		{B1D6EB3E-736B-11E0-BCB5-FBF0641DD199}.Release|Win32.Build.0 = Release|Win32
		{D9D4DF56-736B-11E0-B8A6-4B90E26B66E7}.Debug|Win32.ActiveCfg = Debug|Win32
		{D9D4DF56-736B-11E0-B8A6-4B90E26B66E7}.Debug|Win32.Build.0 = Debug|Win32
		{D9D4DF56-736B-11E0-B8A6-4B90E26B66E7}.Release|Win32.ActiveCfg = Release|Win32
		{D9D4DF56-736B-11E0-B8A6-4B90E26B66E7}.Release|Win32.Build.0 = Release|Win32
		{1CAD8FA2-7359-11E0-9142-974909DEF34C}.Debug|Win32.ActiveCfg = Debug|Win32
		{1CAD8FA2-7359-11E0-9142-974909DEF34C}.Debug|Win32.Build.0 = Debug|Win32
		{1CAD8FA2-7359-11E0-9142-974909DEF34C}.Release|Win32.ActiveCfg = Release|Win32
		{1CAD8FA2-7359-11E0-9142-974909DEF34C}.Release|Win32.Build.0 = Release|Win32
		{F9FFB2BE-7358-11E0-A6BD-FB96216D1D8A}.Debug|Win32.ActiveCfg = Debug|Win32
		{F9FFB2BE-7358-11E0-A6BD-FB96216D1D8A}.Debug|Win32.Build.0 = Debug|Win32
		{F9FFB2BE-7358-11E0-A6BD-FB96216D1D8A}.Release|Win32.ActiveCfg = Release|Win32
		{F9FFB2BE-7358-11E0-A6BD-FB96216D1D8A}.Release|Win32.Build.0 = Release|Win32
	EndGlobalSection
	GlobalSection(SolutionProperties) = preSolution
		HideSolutionNode = FALSE
	EndGlobalSection
EndGlobal
