Microsoft Visual Studio Solution File, Format Version 10.00
# Visual Studio 2008
Project("{8BC9CEB8-8B4A-11D0-8D11-00A0C91BC942}") = "LXiCore", "src\lxicore\liblxicore\LXiCore.vcproj", "{13E79835-D78E-3E44-8834-3AE6AD77D284}"
EndProject
Project("{8BC9CEB8-8B4A-11D0-8D11-00A0C91BC942}") = "LXiServer", "src\lxiserver\liblxiserver\LXiServer.vcproj", "{CB4BC33A-9C6C-3536-8031-5EA89E8C8C0E}"
	ProjectSection(ProjectDependencies) = postProject
		{13E79835-D78E-3E44-8834-3AE6AD77D284} = {13E79835-D78E-3E44-8834-3AE6AD77D284}
	EndProjectSection
EndProject
Project("{8BC9CEB8-8B4A-11D0-8D11-00A0C91BC942}") = "LXiStream", "src\lxistream\liblxistream\LXiStream.vcproj", "{6AF51170-3E95-3E73-BFC4-0BBD8E57F07B}"
	ProjectSection(ProjectDependencies) = postProject
		{13E79835-D78E-3E44-8834-3AE6AD77D284} = {13E79835-D78E-3E44-8834-3AE6AD77D284}
		{CB4BC33A-9C6C-3536-8031-5EA89E8C8C0E} = {CB4BC33A-9C6C-3536-8031-5EA89E8C8C0E}
	EndProjectSection
EndProject
Global
	GlobalSection(SolutionConfigurationPlatforms) = preSolution
		Debug|Win32 = Debug|Win32
		Release|Win32 = Release|Win32
	EndGlobalSection
	GlobalSection(ProjectConfigurationPlatforms) = postSolution
		{13E79835-D78E-3E44-8834-3AE6AD77D284}.Debug|Win32.ActiveCfg = Debug|Win32
		{13E79835-D78E-3E44-8834-3AE6AD77D284}.Debug|Win32.Build.0 = Debug|Win32
		{13E79835-D78E-3E44-8834-3AE6AD77D284}.Release|Win32.ActiveCfg = Release|Win32
		{13E79835-D78E-3E44-8834-3AE6AD77D284}.Release|Win32.Build.0 = Release|Win32
		{CB4BC33A-9C6C-3536-8031-5EA89E8C8C0E}.Debug|Win32.ActiveCfg = Debug|Win32
		{CB4BC33A-9C6C-3536-8031-5EA89E8C8C0E}.Debug|Win32.Build.0 = Debug|Win32
		{CB4BC33A-9C6C-3536-8031-5EA89E8C8C0E}.Release|Win32.ActiveCfg = Release|Win32
		{CB4BC33A-9C6C-3536-8031-5EA89E8C8C0E}.Release|Win32.Build.0 = Release|Win32
		{6AF51170-3E95-3E73-BFC4-0BBD8E57F07B}.Debug|Win32.ActiveCfg = Debug|Win32
		{6AF51170-3E95-3E73-BFC4-0BBD8E57F07B}.Debug|Win32.Build.0 = Debug|Win32
		{6AF51170-3E95-3E73-BFC4-0BBD8E57F07B}.Release|Win32.ActiveCfg = Release|Win32
		{6AF51170-3E95-3E73-BFC4-0BBD8E57F07B}.Release|Win32.Build.0 = Release|Win32
	EndGlobalSection
	GlobalSection(SolutionProperties) = preSolution
		HideSolutionNode = FALSE
	EndGlobalSection
EndGlobal
